PODS:
  - GCDTimer (1.1.0)
  - ZZWaitingNavigationController (0.9):
    - GCDTimer (~> 1.0)

DEPENDENCIES:
  - ZZWaitingNavigationController (from `..`)

EXTERNAL SOURCES:
  ZZWaitingNavigationController:
    :path: ..

SPEC CHECKSUMS:
  GCDTimer: a5992055d0391db6ff1e068b0a4ca6befd1deade
  ZZWaitingNavigationController: 172b7ae5ffb1a8db5c6371deb4b6dd093eeeaa5d

COCOAPODS: 0.33.1
